
Microsoft Visual Studio Solution File, Format Version 12.00
# Visual Studio Version 17
VisualStudioVersion = 17.10.35027.167
MinimumVisualStudioVersion = 10.0.40219.1
Project("{FAE04EC0-301F-11D3-BF4B-00C04F79EFBC}") = "BlazorApp80Junk", "BlazorApp80Junk\BlazorApp80Junk.csproj", "{1D6B477B-B02D-47C0-96B2-CCCE795E976F}"
EndProject
Global
	GlobalSection(SolutionConfigurationPlatforms) = preSolution
		Debug|Any CPU = Debug|Any CPU
		Release|Any CPU = Release|Any CPU
	EndGlobalSection
	GlobalSection(ProjectConfigurationPlatforms) = postSolution
		{1D6B477B-B02D-47C0-96B2-CCCE795E976F}.Debug|Any CPU.ActiveCfg = Debug|Any CPU
		{1D6B477B-B02D-47C0-96B2-CCCE795E976F}.Debug|Any CPU.Build.0 = Debug|Any CPU
		{1D6B477B-B02D-47C0-96B2-CCCE795E976F}.Release|Any CPU.ActiveCfg = Release|Any CPU
		{1D6B477B-B02D-47C0-96B2-CCCE795E976F}.Release|Any CPU.Build.0 = Release|Any CPU
	EndGlobalSection
	GlobalSection(SolutionProperties) = preSolution
		HideSolutionNode = FALSE
	EndGlobalSection
	GlobalSection(ExtensibilityGlobals) = postSolution
		SolutionGuid = {72E73300-4794-4676-9147-6E2C97DC84EE}
	EndGlobalSection
EndGlobal
